
Microsoft Visual Studio Solution File, Format Version 12.00
# Visual Studio 15
VisualStudioVersion = 15.0.27130.2027
MinimumVisualStudioVersion = 10.0.40219.1
Project("{E53339B2-1760-4266-BCC7-CA923CBCF16C}") = "docker-compose", "Docker\docker-compose.dcproj", "{243E6E8C-9C8C-432D-B53B-A2F0529CF05D}"
EndProject
Project("{2150E333-8FDC-42A3-9474-1A3956D46DE8}") = "Solution Items", "Solution Items", "{85F44416-EA7F-4F48-9B3B-A0A339A3693C}"
	ProjectSection(SolutionItems) = preProject
		..\.gitattributes = ..\.gitattributes
		..\.gitignore = ..\.gitignore
		..\.travis.yml = ..\.travis.yml
		Donut.ruleset = Donut.ruleset
		NuGet.config = NuGet.config
		..\README.md = ..\README.md
	EndProjectSection
EndProject
Project("{9A19103F-16F7-4668-BE54-9A1E7A4F7556}") = "Donut", "Donut\Donut.csproj", "{B5510B5A-4550-4392-8018-92A772DF08EC}"
EndProject
Project("{9A19103F-16F7-4668-BE54-9A1E7A4F7556}") = "Donut.Client", "Donut.Client\Donut.Client.csproj", "{176D1153-DA5C-4642-A9F9-144082342686}"
EndProject
Project("{9A19103F-16F7-4668-BE54-9A1E7A4F7556}") = "Donut.Console", "Donut.Console\Donut.Console.csproj", "{EB5EA87A-E984-4BF8-B289-3ED7286B5C50}"
EndProject
Project("{2150E333-8FDC-42A3-9474-1A3956D46DE8}") = "Tests", "Tests", "{729E046B-297D-4DAD-B0EE-F66EF3CD489F}"
EndProject
Project("{9A19103F-16F7-4668-BE54-9A1E7A4F7556}") = "Donut.Tests", "tests\Donut.Tests\Donut.Tests.csproj", "{46350DFB-3A0A-460B-8128-C4E1139F02E8}"
EndProject
Global
	GlobalSection(SolutionConfigurationPlatforms) = preSolution
		Debug|Any CPU = Debug|Any CPU
		Release|Any CPU = Release|Any CPU
	EndGlobalSection
	GlobalSection(ProjectConfigurationPlatforms) = postSolution
		{243E6E8C-9C8C-432D-B53B-A2F0529CF05D}.Debug|Any CPU.ActiveCfg = Debug|Any CPU
		{243E6E8C-9C8C-432D-B53B-A2F0529CF05D}.Debug|Any CPU.Build.0 = Debug|Any CPU
		{243E6E8C-9C8C-432D-B53B-A2F0529CF05D}.Release|Any CPU.ActiveCfg = Release|Any CPU
		{243E6E8C-9C8C-432D-B53B-A2F0529CF05D}.Release|Any CPU.Build.0 = Release|Any CPU
		{B5510B5A-4550-4392-8018-92A772DF08EC}.Debug|Any CPU.ActiveCfg = Debug|Any CPU
		{B5510B5A-4550-4392-8018-92A772DF08EC}.Debug|Any CPU.Build.0 = Debug|Any CPU
		{B5510B5A-4550-4392-8018-92A772DF08EC}.Release|Any CPU.ActiveCfg = Release|Any CPU
		{176D1153-DA5C-4642-A9F9-144082342686}.Debug|Any CPU.ActiveCfg = Debug|Any CPU
		{176D1153-DA5C-4642-A9F9-144082342686}.Debug|Any CPU.Build.0 = Debug|Any CPU
		{176D1153-DA5C-4642-A9F9-144082342686}.Release|Any CPU.ActiveCfg = Release|Any CPU
		{176D1153-DA5C-4642-A9F9-144082342686}.Release|Any CPU.Build.0 = Release|Any CPU
		{EB5EA87A-E984-4BF8-B289-3ED7286B5C50}.Debug|Any CPU.ActiveCfg = Debug|Any CPU
		{EB5EA87A-E984-4BF8-B289-3ED7286B5C50}.Debug|Any CPU.Build.0 = Debug|Any CPU
		{EB5EA87A-E984-4BF8-B289-3ED7286B5C50}.Release|Any CPU.ActiveCfg = Release|Any CPU
		{EB5EA87A-E984-4BF8-B289-3ED7286B5C50}.Release|Any CPU.Build.0 = Release|Any CPU
		{46350DFB-3A0A-460B-8128-C4E1139F02E8}.Debug|Any CPU.ActiveCfg = Debug|Any CPU
		{46350DFB-3A0A-460B-8128-C4E1139F02E8}.Debug|Any CPU.Build.0 = Debug|Any CPU
		{46350DFB-3A0A-460B-8128-C4E1139F02E8}.Release|Any CPU.ActiveCfg = Release|Any CPU
		{46350DFB-3A0A-460B-8128-C4E1139F02E8}.Release|Any CPU.Build.0 = Release|Any CPU
	EndGlobalSection
	GlobalSection(SolutionProperties) = preSolution
		HideSolutionNode = FALSE
	EndGlobalSection
	GlobalSection(NestedProjects) = preSolution
		{46350DFB-3A0A-460B-8128-C4E1139F02E8} = {729E046B-297D-4DAD-B0EE-F66EF3CD489F}
	EndGlobalSection
	GlobalSection(ExtensibilityGlobals) = postSolution
		SolutionGuid = {87FE8C53-1F13-4702-959E-5558C891AF65}
	EndGlobalSection
EndGlobal
