
Microsoft Visual Studio Solution File, Format Version 12.00
# Visual Studio 15
VisualStudioVersion = 15.0.27130.2024
MinimumVisualStudioVersion = 10.0.40219.1
Project("{3C7638DC-2B7E-48F0-B327-B9D7DE7DE5CE}") = "docker-compose", "Docker\docker-compose.dcproj", "{243E6E8C-9C8C-432D-B53B-A2F0529CF05D}"
EndProject
Project("{2150E333-8FDC-42A3-9474-1A3956D46DE8}") = "Solution Items", "Solution Items", "{85F44416-EA7F-4F48-9B3B-A0A339A3693C}"
	ProjectSection(SolutionItems) = preProject
		..\.gitattributes = ..\.gitattributes
		..\.gitignore = ..\.gitignore
		Donut.ruleset = Donut.ruleset
		NuGet.config = NuGet.config
		..\README.md = ..\README.md
	EndProjectSection
EndProject
Project("{7F4A24A1-72E2-4C3D-8A6E-C59380A8D936}") = "Donut", "Donut\Donut.csproj", "{B5510B5A-4550-4392-8018-92A772DF08EC}"
EndProject
Global
	GlobalSection(SolutionConfigurationPlatforms) = preSolution
		Debug|Any CPU = Debug|Any CPU
		Release|Any CPU = Release|Any CPU
	EndGlobalSection
	GlobalSection(ProjectConfigurationPlatforms) = postSolution
		{243E6E8C-9C8C-432D-B53B-A2F0529CF05D}.Debug|Any CPU.ActiveCfg = Debug|Any CPU
		{243E6E8C-9C8C-432D-B53B-A2F0529CF05D}.Debug|Any CPU.Build.0 = Debug|Any CPU
		{243E6E8C-9C8C-432D-B53B-A2F0529CF05D}.Release|Any CPU.ActiveCfg = Release|Any CPU
		{243E6E8C-9C8C-432D-B53B-A2F0529CF05D}.Release|Any CPU.Build.0 = Release|Any CPU
		{B5510B5A-4550-4392-8018-92A772DF08EC}.Debug|Any CPU.ActiveCfg = Debug|Any CPU
		{B5510B5A-4550-4392-8018-92A772DF08EC}.Debug|Any CPU.Build.0 = Debug|Any CPU
		{B5510B5A-4550-4392-8018-92A772DF08EC}.Release|Any CPU.ActiveCfg = Release|Any CPU
	EndGlobalSection
	GlobalSection(SolutionProperties) = preSolution
		HideSolutionNode = FALSE
	EndGlobalSection
	GlobalSection(ExtensibilityGlobals) = postSolution
		SolutionGuid = {87FE8C53-1F13-4702-959E-5558C891AF65}
	EndGlobalSection
EndGlobal
